
Microsoft Visual Studio Solution File, Format Version 12.00
# Visual Studio Version 16
VisualStudioVersion = 16.0.31729.503
MinimumVisualStudioVersion = 10.0.40219.1
Project("{FAE04EC0-301F-11D3-BF4B-00C04F79EFBC}") = "GIT_Experience_VS2019", "GIT_Experience_VS2019.csproj", "{DF5E20B6-A216-4DC5-B2E8-AE843B9A8E47}"
EndProject
Global
	GlobalSection(SolutionConfigurationPlatforms) = preSolution
		Debug|Any CPU = Debug|Any CPU
		Release|Any CPU = Release|Any CPU
	EndGlobalSection
	GlobalSection(ProjectConfigurationPlatforms) = postSolution
		{DF5E20B6-A216-4DC5-B2E8-AE843B9A8E47}.Debug|Any CPU.ActiveCfg = Debug|Any CPU
		{DF5E20B6-A216-4DC5-B2E8-AE843B9A8E47}.Debug|Any CPU.Build.0 = Debug|Any CPU
		{DF5E20B6-A216-4DC5-B2E8-AE843B9A8E47}.Release|Any CPU.ActiveCfg = Release|Any CPU
		{DF5E20B6-A216-4DC5-B2E8-AE843B9A8E47}.Release|Any CPU.Build.0 = Release|Any CPU
	EndGlobalSection
	GlobalSection(SolutionProperties) = preSolution
		HideSolutionNode = FALSE
	EndGlobalSection
	GlobalSection(ExtensibilityGlobals) = postSolution
		SolutionGuid = {F5A4F7FC-3739-416C-85FC-6A13BF363C57}
	EndGlobalSection
EndGlobal
